<?xml version="1.0" encoding="UTF-8" standalone="yes" ?>
<CodeBlocks_project_file>
	<FileVersion major="1" minor="6" />
	<Project>
		<Option title="Personas" />
		<Option pch_mode="2" />
		<Option compiler="gcc" />
		<Build>
			<Target title="Debug">
				<Option output="bin/Debug/Personas" prefix_auto="1" extension_auto="1" />
				<Option object_output="obj/Debug/" />
				<Option type="1" />
				<Option compiler="gcc" />
				<Option parameters="Empleados.txt EmpleadosAct.txt" />
				<Compiler>
					<Add option="-g" />
					<Add directory="include" />
				</Compiler>
				<Linker>
					<Add library="../Cadena/bin/Debug/libCadena.a" />
					<Add library="../Fecha/bin/Debug/libFecha.a" />
				</Linker>
			</Target>
			<Target title="Release">
				<Option output="bin/Release/Personas" prefix_auto="1" extension_auto="1" />
				<Option object_output="obj/Release/" />
				<Option type="1" />
				<Option compiler="gcc" />
				<Compiler>
					<Add option="-O2" />
					<Add directory="include" />
				</Compiler>
				<Linker>
					<Add option="-s" />
				</Linker>
			</Target>
		</Build>
		<Compiler>
			<Add option="-Wall" />
			<Add option="-fexceptions" />
			<Add directory="../Cadena/include" />
			<Add directory="../Fecha/include" />
		</Compiler>
		<Unit filename="include/Empleado.h" />
		<Unit filename="include/EmpleadoBuilder.h" />
		<Unit filename="include/Persona.h" />
		<Unit filename="include/PersonaBuilder.h" />
		<Unit filename="include/PersonaException.h" />
		<Unit filename="main.cpp" />
		<Unit filename="src/Empleado.cpp" />
		<Unit filename="src/EmpleadoBuilder.cpp" />
		<Unit filename="src/Persona.cpp" />
		<Unit filename="src/PersonaBuilder.cpp" />
		<Unit filename="src/PersonaException.cpp" />
		<Extensions />
	</Project>
</CodeBlocks_project_file>
