<?xml version="1.0" encoding="UTF-8" standalone="yes" ?>
<CodeBlocks_project_file>
	<FileVersion major="1" minor="6" />
	<Project>
		<Option title="CalcularSalariosEmpleados" />
		<Option pch_mode="2" />
		<Option compiler="gcc" />
		<Build>
			<Target title="Debug">
				<Option output="bin/Debug/CalcularSalariosEmpleados" prefix_auto="1" extension_auto="1" />
				<Option object_output="obj/Debug/" />
				<Option type="1" />
				<Option compiler="gcc" />
				<Option parameters="EmpleadosIn.txt EmpleadosOut.txt" />
				<Compiler>
					<Add option="-g" />
					<Add directory="../include" />
				</Compiler>
				<Linker>
					<Add library="../HerenciaPersonas/bin/Debug/libHerenciaPersonas.a" />
					<Add library="../cadena/bin/Debug/libcadena.a" />
					<Add library="../fecha/bin/Debug/libfecha.a" />
				</Linker>
			</Target>
			<Target title="Release">
				<Option output="bin/Release/CalcularSalariosEmpleados" prefix_auto="1" extension_auto="1" />
				<Option object_output="obj/Release/" />
				<Option type="1" />
				<Option compiler="gcc" />
				<Compiler>
					<Add option="-O2" />
				</Compiler>
				<Linker>
					<Add option="-s" />
				</Linker>
			</Target>
		</Build>
		<Compiler>
			<Add option="-Wall" />
			<Add option="-fexceptions" />
			<Add directory="../include" />
		</Compiler>
		<Unit filename="EmpleadosIn.txt" />
		<Unit filename="main.cpp" />
		<Extensions />
	</Project>
</CodeBlocks_project_file>
