<?xml version="1.0" encoding="UTF-8" standalone="yes" ?>
<CodeBlocks_project_file>
	<FileVersion major="1" minor="6" />
	<Project>
		<Option title="PolimorfismoFiguras" />
		<Option pch_mode="2" />
		<Option compiler="gcc" />
		<Build>
			<Target title="Debug">
				<Option output="bin/Debug/PolimorfismoFiguras" prefix_auto="1" extension_auto="1" />
				<Option object_output="obj/Debug/" />
				<Option type="1" />
				<Option compiler="gcc" />
				<Compiler>
					<Add option="-g" />
					<Add directory="./" />
				</Compiler>
			</Target>
			<Target title="Release">
				<Option output="bin/Release/PolimorfismoFiguras" prefix_auto="1" extension_auto="1" />
				<Option object_output="obj/Release/" />
				<Option type="1" />
				<Option compiler="gcc" />
				<Compiler>
					<Add option="-O2" />
					<Add directory="./" />
				</Compiler>
				<Linker>
					<Add option="-s" />
				</Linker>
			</Target>
		</Build>
		<Compiler>
			<Add option="-Wall" />
			<Add option="-fexceptions" />
		</Compiler>
		<Unit filename="Circulo.cpp" />
		<Unit filename="Circulo.h" />
		<Unit filename="Figura.h" />
		<Unit filename="FiguraException.cpp" />
		<Unit filename="FiguraException.h" />
		<Unit filename="Punto.cpp" />
		<Unit filename="Punto.h" />
		<Unit filename="Rectangulo.cpp" />
		<Unit filename="Rectangulo.h" />
		<Unit filename="Triangulo.cpp" />
		<Unit filename="Triangulo.h" />
		<Unit filename="main.cpp" />
		<Extensions />
	</Project>
</CodeBlocks_project_file>
